Microsoft Visual Studio Solution File, Format Version 12.00
# Visual Studio Version 17
VisualStudioVersion = 17.5.2.0
MinimumVisualStudioVersion = 10.0.40219.1
Project("{FAE04EC0-301F-11D3-BF4B-00C04F79EFBC}") = "planningAVisitToTheZoo", "planningAVisitToTheZoo.csproj", "{BB8FBD24-8823-CE3F-6CCE-2DB034C393FD}"
EndProject
Global
	GlobalSection(SolutionConfigurationPlatforms) = preSolution
		Debug|Any CPU = Debug|Any CPU
		Release|Any CPU = Release|Any CPU
	EndGlobalSection
	GlobalSection(ProjectConfigurationPlatforms) = postSolution
		{BB8FBD24-8823-CE3F-6CCE-2DB034C393FD}.Debug|Any CPU.ActiveCfg = Debug|Any CPU
		{BB8FBD24-8823-CE3F-6CCE-2DB034C393FD}.Debug|Any CPU.Build.0 = Debug|Any CPU
		{BB8FBD24-8823-CE3F-6CCE-2DB034C393FD}.Release|Any CPU.ActiveCfg = Release|Any CPU
		{BB8FBD24-8823-CE3F-6CCE-2DB034C393FD}.Release|Any CPU.Build.0 = Release|Any CPU
	EndGlobalSection
	GlobalSection(SolutionProperties) = preSolution
		HideSolutionNode = FALSE
	EndGlobalSection
	GlobalSection(ExtensibilityGlobals) = postSolution
		SolutionGuid = {CE1DCD75-4117-4095-BDFD-689968338DD4}
	EndGlobalSection
EndGlobal
